github.com/manikandareas/go-say-hello v1.0.0 h1:JxPrSwhP7PqDv2H9ovJI36+EmfnLQSQJigxK80tbrqw=
github.com/manikandareas/go-say-hello v1.0.0/go.mod h1:Bb6dSQyYdCIpNrGtHClE9Sp34IYSYLBzbEInqO5FRE0=
github.com/manikandareas/go-say-hello v1.5.0 h1:3aV/mVmVb6BXnsjpUZr/snMxWkNieZzcFIEfLGgzhZk=
github.com/manikandareas/go-say-hello v1.5.0/go.mod h1:Bb6dSQyYdCIpNrGtHClE9Sp34IYSYLBzbEInqO5FRE0=
